
Microsoft Visual Studio Solution File, Format Version 12.00
# Visual Studio Version 17
VisualStudioVersion = 17.0.31903.59
MinimumVisualStudioVersion = 10.0.40219.1
Project("{FAE04EC0-301F-11D3-BF4B-00C04F79EFBC}") = "Web.API", "Web.API\Web.API.csproj", "{733F0BB7-AC33-4FD4-B79B-5369CA744C10}"
EndProject
Project("{FAE04EC0-301F-11D3-BF4B-00C04F79EFBC}") = "Domain", "Domain\Domain.csproj", "{15A4636B-1D57-47FE-8D0C-C0E321676C9F}"
EndProject
Project("{FAE04EC0-301F-11D3-BF4B-00C04F79EFBC}") = "Application", "Application\Application.csproj", "{B33EA64B-B3DA-4A16-8B50-F867E9246B14}"
EndProject
Project("{FAE04EC0-301F-11D3-BF4B-00C04F79EFBC}") = "Infrastructure", "Infrastructure\Infrastructure.csproj", "{52088A05-969E-4F37-90BE-D2D49E4E39FD}"
EndProject
Global
	GlobalSection(SolutionConfigurationPlatforms) = preSolution
		Debug|Any CPU = Debug|Any CPU
		Debug|x64 = Debug|x64
		Debug|x86 = Debug|x86
		Release|Any CPU = Release|Any CPU
		Release|x64 = Release|x64
		Release|x86 = Release|x86
	EndGlobalSection
	GlobalSection(ProjectConfigurationPlatforms) = postSolution
		{733F0BB7-AC33-4FD4-B79B-5369CA744C10}.Debug|Any CPU.ActiveCfg = Debug|Any CPU
		{733F0BB7-AC33-4FD4-B79B-5369CA744C10}.Debug|Any CPU.Build.0 = Debug|Any CPU
		{733F0BB7-AC33-4FD4-B79B-5369CA744C10}.Debug|x64.ActiveCfg = Debug|Any CPU
		{733F0BB7-AC33-4FD4-B79B-5369CA744C10}.Debug|x64.Build.0 = Debug|Any CPU
		{733F0BB7-AC33-4FD4-B79B-5369CA744C10}.Debug|x86.ActiveCfg = Debug|Any CPU
		{733F0BB7-AC33-4FD4-B79B-5369CA744C10}.Debug|x86.Build.0 = Debug|Any CPU
		{733F0BB7-AC33-4FD4-B79B-5369CA744C10}.Release|Any CPU.ActiveCfg = Release|Any CPU
		{733F0BB7-AC33-4FD4-B79B-5369CA744C10}.Release|Any CPU.Build.0 = Release|Any CPU
		{733F0BB7-AC33-4FD4-B79B-5369CA744C10}.Release|x64.ActiveCfg = Release|Any CPU
		{733F0BB7-AC33-4FD4-B79B-5369CA744C10}.Release|x64.Build.0 = Release|Any CPU
		{733F0BB7-AC33-4FD4-B79B-5369CA744C10}.Release|x86.ActiveCfg = Release|Any CPU
		{733F0BB7-AC33-4FD4-B79B-5369CA744C10}.Release|x86.Build.0 = Release|Any CPU
		{15A4636B-1D57-47FE-8D0C-C0E321676C9F}.Debug|Any CPU.ActiveCfg = Debug|Any CPU
		{15A4636B-1D57-47FE-8D0C-C0E321676C9F}.Debug|Any CPU.Build.0 = Debug|Any CPU
		{15A4636B-1D57-47FE-8D0C-C0E321676C9F}.Debug|x64.ActiveCfg = Debug|Any CPU
		{15A4636B-1D57-47FE-8D0C-C0E321676C9F}.Debug|x64.Build.0 = Debug|Any CPU
		{15A4636B-1D57-47FE-8D0C-C0E321676C9F}.Debug|x86.ActiveCfg = Debug|Any CPU
		{15A4636B-1D57-47FE-8D0C-C0E321676C9F}.Debug|x86.Build.0 = Debug|Any CPU
		{15A4636B-1D57-47FE-8D0C-C0E321676C9F}.Release|Any CPU.ActiveCfg = Release|Any CPU
		{15A4636B-1D57-47FE-8D0C-C0E321676C9F}.Release|Any CPU.Build.0 = Release|Any CPU
		{15A4636B-1D57-47FE-8D0C-C0E321676C9F}.Release|x64.ActiveCfg = Release|Any CPU
		{15A4636B-1D57-47FE-8D0C-C0E321676C9F}.Release|x64.Build.0 = Release|Any CPU
		{15A4636B-1D57-47FE-8D0C-C0E321676C9F}.Release|x86.ActiveCfg = Release|Any CPU
		{15A4636B-1D57-47FE-8D0C-C0E321676C9F}.Release|x86.Build.0 = Release|Any CPU
		{B33EA64B-B3DA-4A16-8B50-F867E9246B14}.Debug|Any CPU.ActiveCfg = Debug|Any CPU
		{B33EA64B-B3DA-4A16-8B50-F867E9246B14}.Debug|Any CPU.Build.0 = Debug|Any CPU
		{B33EA64B-B3DA-4A16-8B50-F867E9246B14}.Debug|x64.ActiveCfg = Debug|Any CPU
		{B33EA64B-B3DA-4A16-8B50-F867E9246B14}.Debug|x64.Build.0 = Debug|Any CPU
		{B33EA64B-B3DA-4A16-8B50-F867E9246B14}.Debug|x86.ActiveCfg = Debug|Any CPU
		{B33EA64B-B3DA-4A16-8B50-F867E9246B14}.Debug|x86.Build.0 = Debug|Any CPU
		{B33EA64B-B3DA-4A16-8B50-F867E9246B14}.Release|Any CPU.ActiveCfg = Release|Any CPU
		{B33EA64B-B3DA-4A16-8B50-F867E9246B14}.Release|Any CPU.Build.0 = Release|Any CPU
		{B33EA64B-B3DA-4A16-8B50-F867E9246B14}.Release|x64.ActiveCfg = Release|Any CPU
		{B33EA64B-B3DA-4A16-8B50-F867E9246B14}.Release|x64.Build.0 = Release|Any CPU
		{B33EA64B-B3DA-4A16-8B50-F867E9246B14}.Release|x86.ActiveCfg = Release|Any CPU
		{B33EA64B-B3DA-4A16-8B50-F867E9246B14}.Release|x86.Build.0 = Release|Any CPU
		{52088A05-969E-4F37-90BE-D2D49E4E39FD}.Debug|Any CPU.ActiveCfg = Debug|Any CPU
		{52088A05-969E-4F37-90BE-D2D49E4E39FD}.Debug|Any CPU.Build.0 = Debug|Any CPU
		{52088A05-969E-4F37-90BE-D2D49E4E39FD}.Debug|x64.ActiveCfg = Debug|Any CPU
		{52088A05-969E-4F37-90BE-D2D49E4E39FD}.Debug|x64.Build.0 = Debug|Any CPU
		{52088A05-969E-4F37-90BE-D2D49E4E39FD}.Debug|x86.ActiveCfg = Debug|Any CPU
		{52088A05-969E-4F37-90BE-D2D49E4E39FD}.Debug|x86.Build.0 = Debug|Any CPU
		{52088A05-969E-4F37-90BE-D2D49E4E39FD}.Release|Any CPU.ActiveCfg = Release|Any CPU
		{52088A05-969E-4F37-90BE-D2D49E4E39FD}.Release|Any CPU.Build.0 = Release|Any CPU
		{52088A05-969E-4F37-90BE-D2D49E4E39FD}.Release|x64.ActiveCfg = Release|Any CPU
		{52088A05-969E-4F37-90BE-D2D49E4E39FD}.Release|x64.Build.0 = Release|Any CPU
		{52088A05-969E-4F37-90BE-D2D49E4E39FD}.Release|x86.ActiveCfg = Release|Any CPU
		{52088A05-969E-4F37-90BE-D2D49E4E39FD}.Release|x86.Build.0 = Release|Any CPU
	EndGlobalSection
	GlobalSection(SolutionProperties) = preSolution
		HideSolutionNode = FALSE
	EndGlobalSection
EndGlobal
